
Microsoft Visual Studio Solution File, Format Version 12.00
# Visual Studio Version 17
VisualStudioVersion = 17.8.34511.84
MinimumVisualStudioVersion = 10.0.40219.1
Project("{FAE04EC0-301F-11D3-BF4B-00C04F79EFBC}") = "Matriz-Posições", "Matriz-Posições\Matriz-Posições.csproj", "{ED220642-7FF9-440A-8FD6-3B140E1DFA9E}"
EndProject
Global
	GlobalSection(SolutionConfigurationPlatforms) = preSolution
		Debug|Any CPU = Debug|Any CPU
		Release|Any CPU = Release|Any CPU
	EndGlobalSection
	GlobalSection(ProjectConfigurationPlatforms) = postSolution
		{ED220642-7FF9-440A-8FD6-3B140E1DFA9E}.Debug|Any CPU.ActiveCfg = Debug|Any CPU
		{ED220642-7FF9-440A-8FD6-3B140E1DFA9E}.Debug|Any CPU.Build.0 = Debug|Any CPU
		{ED220642-7FF9-440A-8FD6-3B140E1DFA9E}.Release|Any CPU.ActiveCfg = Release|Any CPU
		{ED220642-7FF9-440A-8FD6-3B140E1DFA9E}.Release|Any CPU.Build.0 = Release|Any CPU
	EndGlobalSection
	GlobalSection(SolutionProperties) = preSolution
		HideSolutionNode = FALSE
	EndGlobalSection
	GlobalSection(ExtensibilityGlobals) = postSolution
		SolutionGuid = {CA3D5AAE-15AA-42B2-B659-6061A92D5035}
	EndGlobalSection
EndGlobal
